// !$*UTF8*$!
{
	archiveVersion = 1;
	classes = {
	};
	objectVersion = 46;
	objects = {

/* Begin PBXBuildFile section */
		CB342D9B1AE8E94E0096DC09 /* AppDelegate.swift in Sources */ = {isa = PBXBuildFile; fileRef = CB342D9A1AE8E94E0096DC09 /* AppDelegate.swift */; };
		CB342DA01AE8E94E0096DC09 /* Main.storyboard in Resources */ = {isa = PBXBuildFile; fileRef = CB342D9E1AE8E94E0096DC09 /* Main.storyboard */; };
		CB342DA21AE8E94E0096DC09 /* Images.xcassets in Resources */ = {isa = PBXBuildFile; fileRef = CB342DA11AE8E94E0096DC09 /* Images.xcassets */; };
		CB342DA51AE8E94E0096DC09 /* LaunchScreen.xib in Resources */ = {isa = PBXBuildFile; fileRef = CB342DA31AE8E94E0096DC09 /* LaunchScreen.xib */; };
		CB342DB11AE8E94E0096DC09 /* ROGenericTableViewControllerTests.swift in Sources */ = {isa = PBXBuildFile; fileRef = CB342DB01AE8E94E0096DC09 /* ROGenericTableViewControllerTests.swift */; };
		CB342DBE1AE8E96F0096DC09 /* CustomTableViewCell.swift in Sources */ = {isa = PBXBuildFile; fileRef = CB342DBA1AE8E96F0096DC09 /* CustomTableViewCell.swift */; };
		CB342DBF1AE8E96F0096DC09 /* DetailViewController.swift in Sources */ = {isa = PBXBuildFile; fileRef = CB342DBB1AE8E96F0096DC09 /* DetailViewController.swift */; };
		CB342DC01AE8E96F0096DC09 /* NavigationViewController.swift in Sources */ = {isa = PBXBuildFile; fileRef = CB342DBC1AE8E96F0096DC09 /* NavigationViewController.swift */; };
		CB342DC11AE8E96F0096DC09 /* ROGenericTableViewController.swift in Sources */ = {isa = PBXBuildFile; fileRef = CB342DBD1AE8E96F0096DC09 /* ROGenericTableViewController.swift */; };
		CB342DC51AE904120096DC09 /* NavigationViewControllerSimple.swift in Sources */ = {isa = PBXBuildFile; fileRef = CB342DC41AE904120096DC09 /* NavigationViewControllerSimple.swift */; };
/* End PBXBuildFile section */

/* Begin PBXContainerItemProxy section */
		CB342DAB1AE8E94E0096DC09 /* PBXContainerItemProxy */ = {
			isa = PBXContainerItemProxy;
			containerPortal = CB342D8D1AE8E94E0096DC09 /* Project object */;
			proxyType = 1;
			remoteGlobalIDString = CB342D941AE8E94E0096DC09;
			remoteInfo = ROGenericTableViewController;
		};
/* End PBXContainerItemProxy section */

/* Begin PBXFileReference section */
		CB342D951AE8E94E0096DC09 /* ROGenericTableViewController.app */ = {isa = PBXFileReference; explicitFileType = wrapper.application; includeInIndex = 0; path = ROGenericTableViewController.app; sourceTree = BUILT_PRODUCTS_DIR; };
		CB342D991AE8E94E0096DC09 /* Info.plist */ = {isa = PBXFileReference; lastKnownFileType = text.plist.xml; path = Info.plist; sourceTree = "<group>"; };
		CB342D9A1AE8E94E0096DC09 /* AppDelegate.swift */ = {isa = PBXFileReference; lastKnownFileType = sourcecode.swift; path = AppDelegate.swift; sourceTree = "<group>"; };
		CB342D9F1AE8E94E0096DC09 /* Base */ = {isa = PBXFileReference; lastKnownFileType = file.storyboard; name = Base; path = Base.lproj/Main.storyboard; sourceTree = "<group>"; };
		CB342DA11AE8E94E0096DC09 /* Images.xcassets */ = {isa = PBXFileReference; lastKnownFileType = folder.assetcatalog; path = Images.xcassets; sourceTree = "<group>"; };
		CB342DA41AE8E94E0096DC09 /* Base */ = {isa = PBXFileReference; lastKnownFileType = file.xib; name = Base; path = Base.lproj/LaunchScreen.xib; sourceTree = "<group>"; };
		CB342DAA1AE8E94E0096DC09 /* ROGenericTableViewControllerTests.xctest */ = {isa = PBXFileReference; explicitFileType = wrapper.cfbundle; includeInIndex = 0; path = ROGenericTableViewControllerTests.xctest; sourceTree = BUILT_PRODUCTS_DIR; };
		CB342DAF1AE8E94E0096DC09 /* Info.plist */ = {isa = PBXFileReference; lastKnownFileType = text.plist.xml; path = Info.plist; sourceTree = "<group>"; };
		CB342DB01AE8E94E0096DC09 /* ROGenericTableViewControllerTests.swift */ = {isa = PBXFileReference; lastKnownFileType = sourcecode.swift; path = ROGenericTableViewControllerTests.swift; sourceTree = "<group>"; };
		CB342DBA1AE8E96F0096DC09 /* CustomTableViewCell.swift */ = {isa = PBXFileReference; fileEncoding = 4; lastKnownFileType = sourcecode.swift; path = CustomTableViewCell.swift; sourceTree = "<group>"; };
		CB342DBB1AE8E96F0096DC09 /* DetailViewController.swift */ = {isa = PBXFileReference; fileEncoding = 4; lastKnownFileType = sourcecode.swift; path = DetailViewController.swift; sourceTree = "<group>"; };
		CB342DBC1AE8E96F0096DC09 /* NavigationViewController.swift */ = {isa = PBXFileReference; fileEncoding = 4; lastKnownFileType = sourcecode.swift; path = NavigationViewController.swift; sourceTree = "<group>"; };
		CB342DBD1AE8E96F0096DC09 /* ROGenericTableViewController.swift */ = {isa = PBXFileReference; fileEncoding = 4; lastKnownFileType = sourcecode.swift; path = ROGenericTableViewController.swift; sourceTree = "<group>"; };
		CB342DC41AE904120096DC09 /* NavigationViewControllerSimple.swift */ = {isa = PBXFileReference; fileEncoding = 4; lastKnownFileType = sourcecode.swift; path = NavigationViewControllerSimple.swift; sourceTree = "<group>"; };
/* End PBXFileReference section */

/* Begin PBXFrameworksBuildPhase section */
		CB342D921AE8E94E0096DC09 /* Frameworks */ = {
			isa = PBXFrameworksBuildPhase;
			buildActionMask = 2147483647;
			files = (
			);
			runOnlyForDeploymentPostprocessing = 0;
		};
		CB342DA71AE8E94E0096DC09 /* Frameworks */ = {
			isa = PBXFrameworksBuildPhase;
			buildActionMask = 2147483647;
			files = (
			);
			runOnlyForDeploymentPostprocessing = 0;
		};
/* End PBXFrameworksBuildPhase section */

/* Begin PBXGroup section */
		CB342D8C1AE8E94E0096DC09 = {
			isa = PBXGroup;
			children = (
				CB342D971AE8E94E0096DC09 /* ROGenericTableViewController */,
				CB342DAD1AE8E94E0096DC09 /* ROGenericTableViewControllerTests */,
				CB342D961AE8E94E0096DC09 /* Products */,
			);
			sourceTree = "<group>";
		};
		CB342D961AE8E94E0096DC09 /* Products */ = {
			isa = PBXGroup;
			children = (
				CB342D951AE8E94E0096DC09 /* ROGenericTableViewController.app */,
				CB342DAA1AE8E94E0096DC09 /* ROGenericTableViewControllerTests.xctest */,
			);
			name = Products;
			sourceTree = "<group>";
		};
		CB342D971AE8E94E0096DC09 /* ROGenericTableViewController */ = {
			isa = PBXGroup;
			children = (
				CB342D9A1AE8E94E0096DC09 /* AppDelegate.swift */,
				CB342DBA1AE8E96F0096DC09 /* CustomTableViewCell.swift */,
				CB342DBB1AE8E96F0096DC09 /* DetailViewController.swift */,
				CB342DBC1AE8E96F0096DC09 /* NavigationViewController.swift */,
				CB342DC41AE904120096DC09 /* NavigationViewControllerSimple.swift */,
				CB342DBD1AE8E96F0096DC09 /* ROGenericTableViewController.swift */,
				CB342D9E1AE8E94E0096DC09 /* Main.storyboard */,
				CB342DA11AE8E94E0096DC09 /* Images.xcassets */,
				CB342DA31AE8E94E0096DC09 /* LaunchScreen.xib */,
				CB342D981AE8E94E0096DC09 /* Supporting Files */,
			);
			path = ROGenericTableViewController;
			sourceTree = "<group>";
		};
		CB342D981AE8E94E0096DC09 /* Supporting Files */ = {
			isa = PBXGroup;
			children = (
				CB342D991AE8E94E0096DC09 /* Info.plist */,
			);
			name = "Supporting Files";
			sourceTree = "<group>";
		};
		CB342DAD1AE8E94E0096DC09 /* ROGenericTableViewControllerTests */ = {
			isa = PBXGroup;
			children = (
				CB342DB01AE8E94E0096DC09 /* ROGenericTableViewControllerTests.swift */,
				CB342DAE1AE8E94E0096DC09 /* Supporting Files */,
			);
			path = ROGenericTableViewControllerTests;
			sourceTree = "<group>";
		};
		CB342DAE1AE8E94E0096DC09 /* Supporting Files */ = {
			isa = PBXGroup;
			children = (
				CB342DAF1AE8E94E0096DC09 /* Info.plist */,
			);
			name = "Supporting Files";
			sourceTree = "<group>";
		};
/* End PBXGroup section */

/* Begin PBXNativeTarget section */
		CB342D941AE8E94E0096DC09 /* ROGenericTableViewController */ = {
			isa = PBXNativeTarget;
			buildConfigurationList = CB342DB41AE8E94E0096DC09 /* Build configuration list for PBXNativeTarget "ROGenericTableViewController" */;
			buildPhases = (
				CB342D911AE8E94E0096DC09 /* Sources */,
				CB342D921AE8E94E0096DC09 /* Frameworks */,
				CB342D931AE8E94E0096DC09 /* Resources */,
			);
			buildRules = (
			);
			dependencies = (
			);
			name = ROGenericTableViewController;
			productName = ROGenericTableViewController;
			productReference = CB342D951AE8E94E0096DC09 /* ROGenericTableViewController.app */;
			productType = "com.apple.product-type.application";
		};
		CB342DA91AE8E94E0096DC09 /* ROGenericTableViewControllerTests */ = {
			isa = PBXNativeTarget;
			buildConfigurationList = CB342DB71AE8E94E0096DC09 /* Build configuration list for PBXNativeTarget "ROGenericTableViewControllerTests" */;
			buildPhases = (
				CB342DA61AE8E94E0096DC09 /* Sources */,
				CB342DA71AE8E94E0096DC09 /* Frameworks */,
				CB342DA81AE8E94E0096DC09 /* Resources */,
			);
			buildRules = (
			);
			dependencies = (
				CB342DAC1AE8E94E0096DC09 /* PBXTargetDependency */,
			);
			name = ROGenericTableViewControllerTests;
			productName = ROGenericTableViewControllerTests;
			productReference = CB342DAA1AE8E94E0096DC09 /* ROGenericTableViewControllerTests.xctest */;
			productType = "com.apple.product-type.bundle.unit-test";
		};
/* End PBXNativeTarget section */

/* Begin PBXProject section */
		CB342D8D1AE8E94E0096DC09 /* Project object */ = {
			isa = PBXProject;
			attributes = {
				LastUpgradeCheck = 0630;
				ORGANIZATIONNAME = Prine;
				TargetAttributes = {
					CB342D941AE8E94E0096DC09 = {
						CreatedOnToolsVersion = 6.3;
					};
					CB342DA91AE8E94E0096DC09 = {
						CreatedOnToolsVersion = 6.3;
						TestTargetID = CB342D941AE8E94E0096DC09;
					};
				};
			};
			buildConfigurationList = CB342D901AE8E94E0096DC09 /* Build configuration list for PBXProject "ROGenericTableViewController" */;
			compatibilityVersion = "Xcode 3.2";
			developmentRegion = English;
			hasScannedForEncodings = 0;
			knownRegions = (
				en,
				Base,
			);
			mainGroup = CB342D8C1AE8E94E0096DC09;
			productRefGroup = CB342D961AE8E94E0096DC09 /* Products */;
			projectDirPath = "";
			projectRoot = "";
			targets = (
				CB342D941AE8E94E0096DC09 /* ROGenericTableViewController */,
				CB342DA91AE8E94E0096DC09 /* ROGenericTableViewControllerTests */,
			);
		};
/* End PBXProject section */

/* Begin PBXResourcesBuildPhase section */
		CB342D931AE8E94E0096DC09 /* Resources */ = {
			isa = PBXResourcesBuildPhase;
			buildActionMask = 2147483647;
			files = (
				CB342DA01AE8E94E0096DC09 /* Main.storyboard in Resources */,
				CB342DA51AE8E94E0096DC09 /* LaunchScreen.xib in Resources */,
				CB342DA21AE8E94E0096DC09 /* Images.xcassets in Resources */,
			);
			runOnlyForDeploymentPostprocessing = 0;
		};
		CB342DA81AE8E94E0096DC09 /* Resources */ = {
			isa = PBXResourcesBuildPhase;
			buildActionMask = 2147483647;
			files = (
			);
			runOnlyForDeploymentPostprocessing = 0;
		};
/* End PBXResourcesBuildPhase section */

/* Begin PBXSourcesBuildPhase section */
		CB342D911AE8E94E0096DC09 /* Sources */ = {
			isa = PBXSourcesBuildPhase;
			buildActionMask = 2147483647;
			files = (
				CB342DBE1AE8E96F0096DC09 /* CustomTableViewCell.swift in Sources */,
				CB342DC11AE8E96F0096DC09 /* ROGenericTableViewController.swift in Sources */,
				CB342D9B1AE8E94E0096DC09 /* AppDelegate.swift in Sources */,
				CB342DC01AE8E96F0096DC09 /* NavigationViewController.swift in Sources */,
				CB342DC51AE904120096DC09 /* NavigationViewControllerSimple.swift in Sources */,
				CB342DBF1AE8E96F0096DC09 /* DetailViewController.swift in Sources */,
			);
			runOnlyForDeploymentPostprocessing = 0;
		};
		CB342DA61AE8E94E0096DC09 /* Sources */ = {
			isa = PBXSourcesBuildPhase;
			buildActionMask = 2147483647;
			files = (
				CB342DB11AE8E94E0096DC09 /* ROGenericTableViewControllerTests.swift in Sources */,
			);
			runOnlyForDeploymentPostprocessing = 0;
		};
/* End PBXSourcesBuildPhase section */

/* Begin PBXTargetDependency section */
		CB342DAC1AE8E94E0096DC09 /* PBXTargetDependency */ = {
			isa = PBXTargetDependency;
			target = CB342D941AE8E94E0096DC09 /* ROGenericTableViewController */;
			targetProxy = CB342DAB1AE8E94E0096DC09 /* PBXContainerItemProxy */;
		};
/* End PBXTargetDependency section */

/* Begin PBXVariantGroup section */
		CB342D9E1AE8E94E0096DC09 /* Main.storyboard */ = {
			isa = PBXVariantGroup;
			children = (
				CB342D9F1AE8E94E0096DC09 /* Base */,
			);
			name = Main.storyboard;
			sourceTree = "<group>";
		};
		CB342DA31AE8E94E0096DC09 /* LaunchScreen.xib */ = {
			isa = PBXVariantGroup;
			children = (
				CB342DA41AE8E94E0096DC09 /* Base */,
			);
			name = LaunchScreen.xib;
			sourceTree = "<group>";
		};
/* End PBXVariantGroup section */

/* Begin XCBuildConfiguration section */
		CB342DB21AE8E94E0096DC09 /* Debug */ = {
			isa = XCBuildConfiguration;
			buildSettings = {
				ALWAYS_SEARCH_USER_PATHS = NO;
				CLANG_CXX_LANGUAGE_STANDARD = "gnu++0x";
				CLANG_CXX_LIBRARY = "libc++";
				CLANG_ENABLE_MODULES = YES;
				CLANG_ENABLE_OBJC_ARC = YES;
				CLANG_WARN_BOOL_CONVERSION = YES;
				CLANG_WARN_CONSTANT_CONVERSION = YES;
				CLANG_WARN_DIRECT_OBJC_ISA_USAGE = YES_ERROR;
				CLANG_WARN_EMPTY_BODY = YES;
				CLANG_WARN_ENUM_CONVERSION = YES;
				CLANG_WARN_INT_CONVERSION = YES;
				CLANG_WARN_OBJC_ROOT_CLASS = YES_ERROR;
				CLANG_WARN_UNREACHABLE_CODE = YES;
				CLANG_WARN__DUPLICATE_METHOD_MATCH = YES;
				"CODE_SIGN_IDENTITY[sdk=iphoneos*]" = "iPhone Developer";
				COPY_PHASE_STRIP = NO;
				DEBUG_INFORMATION_FORMAT = "dwarf-with-dsym";
				ENABLE_STRICT_OBJC_MSGSEND = YES;
				GCC_C_LANGUAGE_STANDARD = gnu99;
				GCC_DYNAMIC_NO_PIC = NO;
				GCC_NO_COMMON_BLOCKS = YES;
				GCC_OPTIMIZATION_LEVEL = 0;
				GCC_PREPROCESSOR_DEFINITIONS = (
					"DEBUG=1",
					"$(inherited)",
				);
				GCC_SYMBOLS_PRIVATE_EXTERN = NO;
				GCC_WARN_64_TO_32_BIT_CONVERSION = YES;
				GCC_WARN_ABOUT_RETURN_TYPE = YES_ERROR;
				GCC_WARN_UNDECLARED_SELECTOR = YES;
				GCC_WARN_UNINITIALIZED_AUTOS = YES_AGGRESSIVE;
				GCC_WARN_UNUSED_FUNCTION = YES;
				GCC_WARN_UNUSED_VARIABLE = YES;
				IPHONEOS_DEPLOYMENT_TARGET = 8.3;
				MTL_ENABLE_DEBUG_INFO = YES;
				ONLY_ACTIVE_ARCH = YES;
				SDKROOT = iphoneos;
				SWIFT_OPTIMIZATION_LEVEL = "-Onone";
				TARGETED_DEVICE_FAMILY = "1,2";
			};
			name = Debug;
		};
		CB342DB31AE8E94E0096DC09 /* Release */ = {
			isa = XCBuildConfiguration;
			buildSettings = {
				ALWAYS_SEARCH_USER_PATHS = NO;
				CLANG_CXX_LANGUAGE_STANDARD = "gnu++0x";
				CLANG_CXX_LIBRARY = "libc++";
				CLANG_ENABLE_MODULES = YES;
				CLANG_ENABLE_OBJC_ARC = YES;
				CLANG_WARN_BOOL_CONVERSION = YES;
				CLANG_WARN_CONSTANT_CONVERSION = YES;
				CLANG_WARN_DIRECT_OBJC_ISA_USAGE = YES_ERROR;
				CLANG_WARN_EMPTY_BODY = YES;
				CLANG_WARN_ENUM_CONVERSION = YES;
				CLANG_WARN_INT_CONVERSION = YES;
				CLANG_WARN_OBJC_ROOT_CLASS = YES_ERROR;
				CLANG_WARN_UNREACHABLE_CODE = YES;
				CLANG_WARN__DUPLICATE_METHOD_MATCH = YES;
				"CODE_SIGN_IDENTITY[sdk=iphoneos*]" = "iPhone Developer";
				COPY_PHASE_STRIP = NO;
				DEBUG_INFORMATION_FORMAT = "dwarf-with-dsym";
				ENABLE_NS_ASSERTIONS = NO;
				ENABLE_STRICT_OBJC_MSGSEND = YES;
				GCC_C_LANGUAGE_STANDARD = gnu99;
				GCC_NO_COMMON_BLOCKS = YES;
				GCC_WARN_64_TO_32_BIT_CONVERSION = YES;
				GCC_WARN_ABOUT_RETURN_TYPE = YES_ERROR;
				GCC_WARN_UNDECLARED_SELECTOR = YES;
				GCC_WARN_UNINITIALIZED_AUTOS = YES_AGGRESSIVE;
				GCC_WARN_UNUSED_FUNCTION = YES;
				GCC_WARN_UNUSED_VARIABLE = YES;
				IPHONEOS_DEPLOYMENT_TARGET = 8.3;
				MTL_ENABLE_DEBUG_INFO = NO;
				SDKROOT = iphoneos;
				TARGETED_DEVICE_FAMILY = "1,2";
				VALIDATE_PRODUCT = YES;
			};
			name = Release;
		};
		CB342DB51AE8E94E0096DC09 /* Debug */ = {
			isa = XCBuildConfiguration;
			buildSettings = {
				ASSETCATALOG_COMPILER_APPICON_NAME = AppIcon;
				INFOPLIST_FILE = ROGenericTableViewController/Info.plist;
				LD_RUNPATH_SEARCH_PATHS = "$(inherited) @executable_path/Frameworks";
				PRODUCT_NAME = "$(TARGET_NAME)";
			};
			name = Debug;
		};
		CB342DB61AE8E94E0096DC09 /* Release */ = {
			isa = XCBuildConfiguration;
			buildSettings = {
				ASSETCATALOG_COMPILER_APPICON_NAME = AppIcon;
				INFOPLIST_FILE = ROGenericTableViewController/Info.plist;
				LD_RUNPATH_SEARCH_PATHS = "$(inherited) @executable_path/Frameworks";
				PRODUCT_NAME = "$(TARGET_NAME)";
			};
			name = Release;
		};
		CB342DB81AE8E94E0096DC09 /* Debug */ = {
			isa = XCBuildConfiguration;
			buildSettings = {
				BUNDLE_LOADER = "$(TEST_HOST)";
				FRAMEWORK_SEARCH_PATHS = (
					"$(SDKROOT)/Developer/Library/Frameworks",
					"$(inherited)",
				);
				GCC_PREPROCESSOR_DEFINITIONS = (
					"DEBUG=1",
					"$(inherited)",
				);
				INFOPLIST_FILE = ROGenericTableViewControllerTests/Info.plist;
				LD_RUNPATH_SEARCH_PATHS = "$(inherited) @executable_path/Frameworks @loader_path/Frameworks";
				PRODUCT_NAME = "$(TARGET_NAME)";
				TEST_HOST = "$(BUILT_PRODUCTS_DIR)/ROGenericTableViewController.app/ROGenericTableViewController";
			};
			name = Debug;
		};
		CB342DB91AE8E94E0096DC09 /* Release */ = {
			isa = XCBuildConfiguration;
			buildSettings = {
				BUNDLE_LOADER = "$(TEST_HOST)";
				FRAMEWORK_SEARCH_PATHS = (
					"$(SDKROOT)/Developer/Library/Frameworks",
					"$(inherited)",
				);
				INFOPLIST_FILE = ROGenericTableViewControllerTests/Info.plist;
				LD_RUNPATH_SEARCH_PATHS = "$(inherited) @executable_path/Frameworks @loader_path/Frameworks";
				PRODUCT_NAME = "$(TARGET_NAME)";
				TEST_HOST = "$(BUILT_PRODUCTS_DIR)/ROGenericTableViewController.app/ROGenericTableViewController";
			};
			name = Release;
		};
/* End XCBuildConfiguration section */

/* Begin XCConfigurationList section */
		CB342D901AE8E94E0096DC09 /* Build configuration list for PBXProject "ROGenericTableViewController" */ = {
			isa = XCConfigurationList;
			buildConfigurations = (
				CB342DB21AE8E94E0096DC09 /* Debug */,
				CB342DB31AE8E94E0096DC09 /* Release */,
			);
			defaultConfigurationIsVisible = 0;
			defaultConfigurationName = Release;
		};
		CB342DB41AE8E94E0096DC09 /* Build configuration list for PBXNativeTarget "ROGenericTableViewController" */ = {
			isa = XCConfigurationList;
			buildConfigurations = (
				CB342DB51AE8E94E0096DC09 /* Debug */,
				CB342DB61AE8E94E0096DC09 /* Release */,
			);
			defaultConfigurationIsVisible = 0;
		};
		CB342DB71AE8E94E0096DC09 /* Build configuration list for PBXNativeTarget "ROGenericTableViewControllerTests" */ = {
			isa = XCConfigurationList;
			buildConfigurations = (
				CB342DB81AE8E94E0096DC09 /* Debug */,
				CB342DB91AE8E94E0096DC09 /* Release */,
			);
			defaultConfigurationIsVisible = 0;
		};
/* End XCConfigurationList section */
	};
	rootObject = CB342D8D1AE8E94E0096DC09 /* Project object */;
}
